
Microsoft Visual Studio Solution File, Format Version 12.00
# Visual Studio 15
VisualStudioVersion = 15.0.27703.2000
MinimumVisualStudioVersion = 10.0.40219.1
Project("{FAE04EC0-301F-11D3-BF4B-00C04F79EFBC}") = "19. Histogram", "19. Histogram\19. Histogram.csproj", "{5A779F90-B43B-4689-A51F-BE47AD2BFA62}"
EndProject
Project("{FAE04EC0-301F-11D3-BF4B-00C04F79EFBC}") = "20. No Residue", "20. No Residue\20. No Residue.csproj", "{1E753EB6-329A-481D-BE45-B78CABE7CA0C}"
EndProject
Project("{FAE04EC0-301F-11D3-BF4B-00C04F79EFBC}") = "21. Smart Lilly", "21. Smart Lilly\21. Smart Lilly.csproj", "{123C1B77-4623-4371-8BB3-87F47D1278D4}"
EndProject
Global
	GlobalSection(SolutionConfigurationPlatforms) = preSolution
		Debug|Any CPU = Debug|Any CPU
		Release|Any CPU = Release|Any CPU
	EndGlobalSection
	GlobalSection(ProjectConfigurationPlatforms) = postSolution
		{5A779F90-B43B-4689-A51F-BE47AD2BFA62}.Debug|Any CPU.ActiveCfg = Debug|Any CPU
		{5A779F90-B43B-4689-A51F-BE47AD2BFA62}.Debug|Any CPU.Build.0 = Debug|Any CPU
		{5A779F90-B43B-4689-A51F-BE47AD2BFA62}.Release|Any CPU.ActiveCfg = Release|Any CPU
		{5A779F90-B43B-4689-A51F-BE47AD2BFA62}.Release|Any CPU.Build.0 = Release|Any CPU
		{1E753EB6-329A-481D-BE45-B78CABE7CA0C}.Debug|Any CPU.ActiveCfg = Debug|Any CPU
		{1E753EB6-329A-481D-BE45-B78CABE7CA0C}.Debug|Any CPU.Build.0 = Debug|Any CPU
		{1E753EB6-329A-481D-BE45-B78CABE7CA0C}.Release|Any CPU.ActiveCfg = Release|Any CPU
		{1E753EB6-329A-481D-BE45-B78CABE7CA0C}.Release|Any CPU.Build.0 = Release|Any CPU
		{123C1B77-4623-4371-8BB3-87F47D1278D4}.Debug|Any CPU.ActiveCfg = Debug|Any CPU
		{123C1B77-4623-4371-8BB3-87F47D1278D4}.Debug|Any CPU.Build.0 = Debug|Any CPU
		{123C1B77-4623-4371-8BB3-87F47D1278D4}.Release|Any CPU.ActiveCfg = Release|Any CPU
		{123C1B77-4623-4371-8BB3-87F47D1278D4}.Release|Any CPU.Build.0 = Release|Any CPU
	EndGlobalSection
	GlobalSection(SolutionProperties) = preSolution
		HideSolutionNode = FALSE
	EndGlobalSection
	GlobalSection(ExtensibilityGlobals) = postSolution
		SolutionGuid = {CC0E7A4C-5615-4721-8A1D-76F878366781}
	EndGlobalSection
EndGlobal
