
Microsoft Visual Studio Solution File, Format Version 12.00
# Visual Studio 15
VisualStudioVersion = 15.0.27703.2000
MinimumVisualStudioVersion = 10.0.40219.1
Project("{FAE04EC0-301F-11D3-BF4B-00C04F79EFBC}") = "18.Transport Price", "18.Transport Price\18.Transport Price.csproj", "{50573317-CCF0-40F8-A6E2-222766E6F386}"
EndProject
Project("{FAE04EC0-301F-11D3-BF4B-00C04F79EFBC}") = "19.Pool-Pipes", "19.Pool-Pipes\19.Pool-Pipes.csproj", "{BB18A9EA-FBCE-4694-8E1B-E53CA6388A8C}"
EndProject
Project("{FAE04EC0-301F-11D3-BF4B-00C04F79EFBC}") = "20.SleepyCatTom", "20.SleepyCatTom\20.SleepyCatTom.csproj", "{E49659F3-BD46-40A1-ADA6-8DA256C9EA39}"
EndProject
Project("{FAE04EC0-301F-11D3-BF4B-00C04F79EFBC}") = "21.Harvest", "21.Harvest\21.Harvest.csproj", "{E1126C00-849E-43B9-AD88-838C4454A8DB}"
EndProject
Global
	GlobalSection(SolutionConfigurationPlatforms) = preSolution
		Debug|Any CPU = Debug|Any CPU
		Release|Any CPU = Release|Any CPU
	EndGlobalSection
	GlobalSection(ProjectConfigurationPlatforms) = postSolution
		{50573317-CCF0-40F8-A6E2-222766E6F386}.Debug|Any CPU.ActiveCfg = Debug|Any CPU
		{50573317-CCF0-40F8-A6E2-222766E6F386}.Debug|Any CPU.Build.0 = Debug|Any CPU
		{50573317-CCF0-40F8-A6E2-222766E6F386}.Release|Any CPU.ActiveCfg = Release|Any CPU
		{50573317-CCF0-40F8-A6E2-222766E6F386}.Release|Any CPU.Build.0 = Release|Any CPU
		{BB18A9EA-FBCE-4694-8E1B-E53CA6388A8C}.Debug|Any CPU.ActiveCfg = Debug|Any CPU
		{BB18A9EA-FBCE-4694-8E1B-E53CA6388A8C}.Debug|Any CPU.Build.0 = Debug|Any CPU
		{BB18A9EA-FBCE-4694-8E1B-E53CA6388A8C}.Release|Any CPU.ActiveCfg = Release|Any CPU
		{BB18A9EA-FBCE-4694-8E1B-E53CA6388A8C}.Release|Any CPU.Build.0 = Release|Any CPU
		{E49659F3-BD46-40A1-ADA6-8DA256C9EA39}.Debug|Any CPU.ActiveCfg = Debug|Any CPU
		{E49659F3-BD46-40A1-ADA6-8DA256C9EA39}.Debug|Any CPU.Build.0 = Debug|Any CPU
		{E49659F3-BD46-40A1-ADA6-8DA256C9EA39}.Release|Any CPU.ActiveCfg = Release|Any CPU
		{E49659F3-BD46-40A1-ADA6-8DA256C9EA39}.Release|Any CPU.Build.0 = Release|Any CPU
		{E1126C00-849E-43B9-AD88-838C4454A8DB}.Debug|Any CPU.ActiveCfg = Debug|Any CPU
		{E1126C00-849E-43B9-AD88-838C4454A8DB}.Debug|Any CPU.Build.0 = Debug|Any CPU
		{E1126C00-849E-43B9-AD88-838C4454A8DB}.Release|Any CPU.ActiveCfg = Release|Any CPU
		{E1126C00-849E-43B9-AD88-838C4454A8DB}.Release|Any CPU.Build.0 = Release|Any CPU
	EndGlobalSection
	GlobalSection(SolutionProperties) = preSolution
		HideSolutionNode = FALSE
	EndGlobalSection
	GlobalSection(ExtensibilityGlobals) = postSolution
		SolutionGuid = {BC2BEE8A-FC6E-46F7-B7B3-DA9573003012}
	EndGlobalSection
EndGlobal
